
Microsoft Visual Studio Solution File, Format Version 12.00
# Visual Studio Version 17
VisualStudioVersion = 17.1.32407.343
MinimumVisualStudioVersion = 10.0.40219.1
Project("{FAE04EC0-301F-11D3-BF4B-00C04F79EFBC}") = "btl_doan_severAPI", "btl_doan_severAPI\btl_doan_severAPI.csproj", "{A08F070F-1343-41E5-947C-320AB2D2D702}"
EndProject
Global
	GlobalSection(SolutionConfigurationPlatforms) = preSolution
		Debug|Any CPU = Debug|Any CPU
		Release|Any CPU = Release|Any CPU
	EndGlobalSection
	GlobalSection(ProjectConfigurationPlatforms) = postSolution
		{A08F070F-1343-41E5-947C-320AB2D2D702}.Debug|Any CPU.ActiveCfg = Debug|Any CPU
		{A08F070F-1343-41E5-947C-320AB2D2D702}.Debug|Any CPU.Build.0 = Debug|Any CPU
		{A08F070F-1343-41E5-947C-320AB2D2D702}.Release|Any CPU.ActiveCfg = Release|Any CPU
		{A08F070F-1343-41E5-947C-320AB2D2D702}.Release|Any CPU.Build.0 = Release|Any CPU
	EndGlobalSection
	GlobalSection(SolutionProperties) = preSolution
		HideSolutionNode = FALSE
	EndGlobalSection
	GlobalSection(ExtensibilityGlobals) = postSolution
		SolutionGuid = {6748595A-4946-418A-9474-62619829F134}
	EndGlobalSection
EndGlobal
